
Microsoft Visual Studio Solution File, Format Version 12.00
# Visual Studio Version 16
VisualStudioVersion = 16.0.30114.105
MinimumVisualStudioVersion = 10.0.40219.1
Project("{FAE04EC0-301F-11D3-BF4B-00C04F79EFBC}") = "Api", "src\Api\Api.csproj", "{3AEC9D8E-3D59-4F9B-935C-0A17D98834CA}"
EndProject
Project("{2150E333-8FDC-42A3-9474-1A3956D46DE8}") = "Application", "Application", "{0F7D0750-1A63-11ED-97BF-BBD44EE559C1}"
EndProject
Project("{FAE04EC0-301F-11D3-BF4B-00C04F79EFBC}") = "Gradebook.Foundation.Identity", "src\Gradebook.Foundation.Identity\Gradebook.Foundation.Identity.csproj", "{83C8A2BF-142B-4D48-AAFD-581473861EB0}"
EndProject
Project("{2150E333-8FDC-42A3-9474-1A3956D46DE8}") = "Foundation", "Foundation", "{2FB8A7D0-1F32-11ED-AE32-25693050F9A6}"
EndProject
Project("{FAE04EC0-301F-11D3-BF4B-00C04F79EFBC}") = "Gradebook.Foundation.Common", "src\Gradebook.Foundation.Common\Gradebook.Foundation.Common.csproj", "{E135156C-4ED1-48BC-A660-5BCE7C297150}"
EndProject
Project("{FAE04EC0-301F-11D3-BF4B-00C04F79EFBC}") = "Gradebook.Foundation.DependencyResolver", "src\Gradebook.Foundation.DependencyResolver\Gradebook.Foundation.DependencyResolver.csproj", "{F43F9877-E9AA-463C-87D6-D607890D9BDF}"
EndProject
Project("{FAE04EC0-301F-11D3-BF4B-00C04F79EFBC}") = "Gradebook.Foundation.Domain", "src\Gradebook.Foundation.Domain\Gradebook.Foundation.Domain.csproj", "{52C03FD5-0680-450A-85CB-48B750EF947D}"
EndProject
Project("{FAE04EC0-301F-11D3-BF4B-00C04F79EFBC}") = "Gradebook.Foundation.Logic.Queries", "src\Gradebook.Foundation.Logic.Queries\Gradebook.Foundation.Logic.Queries.csproj", "{46168751-55F3-4185-AA9C-28118B9A7F71}"
EndProject
Project("{FAE04EC0-301F-11D3-BF4B-00C04F79EFBC}") = "Gradebook.Foundation.Logic.Commands", "src\Gradebook.Foundation.Logic.Commands\Gradebook.Foundation.Logic.Commands.csproj", "{EF99E881-3D99-400A-B475-E5A62A61CBEF}"
EndProject
Project("{FAE04EC0-301F-11D3-BF4B-00C04F79EFBC}") = "Gradebook.Foundation.Database", "src\Gradebook.Foundation.Database\Gradebook.Foundation.Database.csproj", "{CB495C0A-DD0A-412B-99F3-F19A26EBE4D5}"
EndProject
Project("{2150E333-8FDC-42A3-9474-1A3956D46DE8}") = "Permissions", "Permissions", "{CEA1C1E0-23DF-11ED-8ACE-9DE6B97B5DBB}"
EndProject
Project("{FAE04EC0-301F-11D3-BF4B-00C04F79EFBC}") = "Gradebook.Permissions.Database", "src\Gradebook.Permissions.Database\Gradebook.Permissions.Database.csproj", "{661EBA6C-B9FD-4A3E-8E74-A3C1FB067186}"
EndProject
Project("{FAE04EC0-301F-11D3-BF4B-00C04F79EFBC}") = "Gradebook.Permissions.Domain", "src\Gradebook.Permissions.Domain\Gradebook.Permissions.Domain.csproj", "{BA02E909-384B-46B5-B241-50A7163BF267}"
EndProject
Project("{FAE04EC0-301F-11D3-BF4B-00C04F79EFBC}") = "Gradebook.Permissions.Logic.Commands", "src\Gradebook.Permissions.Logic.Commands\Gradebook.Permissions.Logic.Commands.csproj", "{2400CC65-E6E6-47DE-BE42-BDB7699805F1}"
EndProject
Project("{FAE04EC0-301F-11D3-BF4B-00C04F79EFBC}") = "Gradebook.Permissions.Logic.Queries", "src\Gradebook.Permissions.Logic.Queries\Gradebook.Permissions.Logic.Queries.csproj", "{B6362F02-2EA1-421E-941B-5A56FCC6A507}"
EndProject
Project("{2150E333-8FDC-42A3-9474-1A3956D46DE8}") = "Settings", "Settings", "{7D662388-C065-4C10-AFEC-51406A692A36}"
EndProject
Project("{FAE04EC0-301F-11D3-BF4B-00C04F79EFBC}") = "Gradebook.Settings.Database", "src\Gradebook.Settings.Database\Gradebook.Settings.Database.csproj", "{98497095-F973-4D80-8FC0-30A92E338766}"
EndProject
Project("{FAE04EC0-301F-11D3-BF4B-00C04F79EFBC}") = "Gradebook.Settings.Domain", "src\Gradebook.Settings.Domain\Gradebook.Settings.Domain.csproj", "{A67C1111-E31C-46BC-BCB4-11168CDC793D}"
EndProject
Project("{FAE04EC0-301F-11D3-BF4B-00C04F79EFBC}") = "Gradebook.Settings.Logic.Commands", "src\Gradebook.Settings.Logic.Commands\Gradebook.Settings.Logic.Commands.csproj", "{FC3E43B4-DD3C-4CE3-8201-1FF66B10D7E8}"
EndProject
Project("{FAE04EC0-301F-11D3-BF4B-00C04F79EFBC}") = "Gradebook.Settings.Logic.Queries", "src\Gradebook.Settings.Logic.Queries\Gradebook.Settings.Logic.Queries.csproj", "{1E5C89C7-3C93-4229-9022-A6F63369A0C3}"
EndProject
Project("{2150E333-8FDC-42A3-9474-1A3956D46DE8}") = "Tests", "Tests", "{27AAE918-9D66-4051-866D-29A6B9E4DF37}"
EndProject
Project("{FAE04EC0-301F-11D3-BF4B-00C04F79EFBC}") = "Gradebook.Tests.Selenium", "src\Gradebook.Tests.Selenium\Gradebook.Tests.Selenium.csproj", "{9478DC77-ED2F-4B71-8B25-F8BA0DE9F2F8}"
EndProject
Project("{FAE04EC0-301F-11D3-BF4B-00C04F79EFBC}") = "Gradebook.Permissions.Tests", "src\Gradebook.Permissions.Tests\Gradebook.Permissions.Tests.csproj", "{C93F72F4-E818-4B70-87D6-6756E1A7FB82}"
EndProject
Project("{FAE04EC0-301F-11D3-BF4B-00C04F79EFBC}") = "Gradebook.Foundation.Tests", "src\Gradebook.Foundation.Tests\Gradebook.Foundation.Tests.csproj", "{62E54EDC-5EBC-4380-A13B-193E016F9212}"
EndProject
Global
	GlobalSection(SolutionConfigurationPlatforms) = preSolution
		Debug|Any CPU = Debug|Any CPU
		Release|Any CPU = Release|Any CPU
	EndGlobalSection
	GlobalSection(SolutionProperties) = preSolution
		HideSolutionNode = FALSE
	EndGlobalSection
	GlobalSection(ProjectConfigurationPlatforms) = postSolution
		{3AEC9D8E-3D59-4F9B-935C-0A17D98834CA}.Debug|Any CPU.ActiveCfg = Debug|Any CPU
		{3AEC9D8E-3D59-4F9B-935C-0A17D98834CA}.Debug|Any CPU.Build.0 = Debug|Any CPU
		{3AEC9D8E-3D59-4F9B-935C-0A17D98834CA}.Release|Any CPU.ActiveCfg = Release|Any CPU
		{3AEC9D8E-3D59-4F9B-935C-0A17D98834CA}.Release|Any CPU.Build.0 = Release|Any CPU
		{83C8A2BF-142B-4D48-AAFD-581473861EB0}.Debug|Any CPU.ActiveCfg = Debug|Any CPU
		{83C8A2BF-142B-4D48-AAFD-581473861EB0}.Debug|Any CPU.Build.0 = Debug|Any CPU
		{83C8A2BF-142B-4D48-AAFD-581473861EB0}.Release|Any CPU.ActiveCfg = Release|Any CPU
		{83C8A2BF-142B-4D48-AAFD-581473861EB0}.Release|Any CPU.Build.0 = Release|Any CPU
		{E135156C-4ED1-48BC-A660-5BCE7C297150}.Debug|Any CPU.ActiveCfg = Debug|Any CPU
		{E135156C-4ED1-48BC-A660-5BCE7C297150}.Debug|Any CPU.Build.0 = Debug|Any CPU
		{E135156C-4ED1-48BC-A660-5BCE7C297150}.Release|Any CPU.ActiveCfg = Release|Any CPU
		{E135156C-4ED1-48BC-A660-5BCE7C297150}.Release|Any CPU.Build.0 = Release|Any CPU
		{F43F9877-E9AA-463C-87D6-D607890D9BDF}.Debug|Any CPU.ActiveCfg = Debug|Any CPU
		{F43F9877-E9AA-463C-87D6-D607890D9BDF}.Debug|Any CPU.Build.0 = Debug|Any CPU
		{F43F9877-E9AA-463C-87D6-D607890D9BDF}.Release|Any CPU.ActiveCfg = Release|Any CPU
		{F43F9877-E9AA-463C-87D6-D607890D9BDF}.Release|Any CPU.Build.0 = Release|Any CPU
		{52C03FD5-0680-450A-85CB-48B750EF947D}.Debug|Any CPU.ActiveCfg = Debug|Any CPU
		{52C03FD5-0680-450A-85CB-48B750EF947D}.Debug|Any CPU.Build.0 = Debug|Any CPU
		{52C03FD5-0680-450A-85CB-48B750EF947D}.Release|Any CPU.ActiveCfg = Release|Any CPU
		{52C03FD5-0680-450A-85CB-48B750EF947D}.Release|Any CPU.Build.0 = Release|Any CPU
		{46168751-55F3-4185-AA9C-28118B9A7F71}.Debug|Any CPU.ActiveCfg = Debug|Any CPU
		{46168751-55F3-4185-AA9C-28118B9A7F71}.Debug|Any CPU.Build.0 = Debug|Any CPU
		{46168751-55F3-4185-AA9C-28118B9A7F71}.Release|Any CPU.ActiveCfg = Release|Any CPU
		{46168751-55F3-4185-AA9C-28118B9A7F71}.Release|Any CPU.Build.0 = Release|Any CPU
		{EF99E881-3D99-400A-B475-E5A62A61CBEF}.Debug|Any CPU.ActiveCfg = Debug|Any CPU
		{EF99E881-3D99-400A-B475-E5A62A61CBEF}.Debug|Any CPU.Build.0 = Debug|Any CPU
		{EF99E881-3D99-400A-B475-E5A62A61CBEF}.Release|Any CPU.ActiveCfg = Release|Any CPU
		{EF99E881-3D99-400A-B475-E5A62A61CBEF}.Release|Any CPU.Build.0 = Release|Any CPU
		{CB495C0A-DD0A-412B-99F3-F19A26EBE4D5}.Debug|Any CPU.ActiveCfg = Debug|Any CPU
		{CB495C0A-DD0A-412B-99F3-F19A26EBE4D5}.Debug|Any CPU.Build.0 = Debug|Any CPU
		{CB495C0A-DD0A-412B-99F3-F19A26EBE4D5}.Release|Any CPU.ActiveCfg = Release|Any CPU
		{CB495C0A-DD0A-412B-99F3-F19A26EBE4D5}.Release|Any CPU.Build.0 = Release|Any CPU
		{661EBA6C-B9FD-4A3E-8E74-A3C1FB067186}.Debug|Any CPU.ActiveCfg = Debug|Any CPU
		{661EBA6C-B9FD-4A3E-8E74-A3C1FB067186}.Debug|Any CPU.Build.0 = Debug|Any CPU
		{661EBA6C-B9FD-4A3E-8E74-A3C1FB067186}.Release|Any CPU.ActiveCfg = Release|Any CPU
		{661EBA6C-B9FD-4A3E-8E74-A3C1FB067186}.Release|Any CPU.Build.0 = Release|Any CPU
		{BA02E909-384B-46B5-B241-50A7163BF267}.Debug|Any CPU.ActiveCfg = Debug|Any CPU
		{BA02E909-384B-46B5-B241-50A7163BF267}.Debug|Any CPU.Build.0 = Debug|Any CPU
		{BA02E909-384B-46B5-B241-50A7163BF267}.Release|Any CPU.ActiveCfg = Release|Any CPU
		{BA02E909-384B-46B5-B241-50A7163BF267}.Release|Any CPU.Build.0 = Release|Any CPU
		{2400CC65-E6E6-47DE-BE42-BDB7699805F1}.Debug|Any CPU.ActiveCfg = Debug|Any CPU
		{2400CC65-E6E6-47DE-BE42-BDB7699805F1}.Debug|Any CPU.Build.0 = Debug|Any CPU
		{2400CC65-E6E6-47DE-BE42-BDB7699805F1}.Release|Any CPU.ActiveCfg = Release|Any CPU
		{2400CC65-E6E6-47DE-BE42-BDB7699805F1}.Release|Any CPU.Build.0 = Release|Any CPU
		{B6362F02-2EA1-421E-941B-5A56FCC6A507}.Debug|Any CPU.ActiveCfg = Debug|Any CPU
		{B6362F02-2EA1-421E-941B-5A56FCC6A507}.Debug|Any CPU.Build.0 = Debug|Any CPU
		{B6362F02-2EA1-421E-941B-5A56FCC6A507}.Release|Any CPU.ActiveCfg = Release|Any CPU
		{B6362F02-2EA1-421E-941B-5A56FCC6A507}.Release|Any CPU.Build.0 = Release|Any CPU
		{98497095-F973-4D80-8FC0-30A92E338766}.Debug|Any CPU.ActiveCfg = Debug|Any CPU
		{98497095-F973-4D80-8FC0-30A92E338766}.Debug|Any CPU.Build.0 = Debug|Any CPU
		{98497095-F973-4D80-8FC0-30A92E338766}.Release|Any CPU.ActiveCfg = Release|Any CPU
		{98497095-F973-4D80-8FC0-30A92E338766}.Release|Any CPU.Build.0 = Release|Any CPU
		{A67C1111-E31C-46BC-BCB4-11168CDC793D}.Debug|Any CPU.ActiveCfg = Debug|Any CPU
		{A67C1111-E31C-46BC-BCB4-11168CDC793D}.Debug|Any CPU.Build.0 = Debug|Any CPU
		{A67C1111-E31C-46BC-BCB4-11168CDC793D}.Release|Any CPU.ActiveCfg = Release|Any CPU
		{A67C1111-E31C-46BC-BCB4-11168CDC793D}.Release|Any CPU.Build.0 = Release|Any CPU
		{FC3E43B4-DD3C-4CE3-8201-1FF66B10D7E8}.Debug|Any CPU.ActiveCfg = Debug|Any CPU
		{FC3E43B4-DD3C-4CE3-8201-1FF66B10D7E8}.Debug|Any CPU.Build.0 = Debug|Any CPU
		{FC3E43B4-DD3C-4CE3-8201-1FF66B10D7E8}.Release|Any CPU.ActiveCfg = Release|Any CPU
		{FC3E43B4-DD3C-4CE3-8201-1FF66B10D7E8}.Release|Any CPU.Build.0 = Release|Any CPU
		{1E5C89C7-3C93-4229-9022-A6F63369A0C3}.Debug|Any CPU.ActiveCfg = Debug|Any CPU
		{1E5C89C7-3C93-4229-9022-A6F63369A0C3}.Debug|Any CPU.Build.0 = Debug|Any CPU
		{1E5C89C7-3C93-4229-9022-A6F63369A0C3}.Release|Any CPU.ActiveCfg = Release|Any CPU
		{1E5C89C7-3C93-4229-9022-A6F63369A0C3}.Release|Any CPU.Build.0 = Release|Any CPU
		{9478DC77-ED2F-4B71-8B25-F8BA0DE9F2F8}.Debug|Any CPU.ActiveCfg = Debug|Any CPU
		{9478DC77-ED2F-4B71-8B25-F8BA0DE9F2F8}.Debug|Any CPU.Build.0 = Debug|Any CPU
		{9478DC77-ED2F-4B71-8B25-F8BA0DE9F2F8}.Release|Any CPU.ActiveCfg = Release|Any CPU
		{9478DC77-ED2F-4B71-8B25-F8BA0DE9F2F8}.Release|Any CPU.Build.0 = Release|Any CPU
		{C93F72F4-E818-4B70-87D6-6756E1A7FB82}.Debug|Any CPU.ActiveCfg = Debug|Any CPU
		{C93F72F4-E818-4B70-87D6-6756E1A7FB82}.Debug|Any CPU.Build.0 = Debug|Any CPU
		{C93F72F4-E818-4B70-87D6-6756E1A7FB82}.Release|Any CPU.ActiveCfg = Release|Any CPU
		{C93F72F4-E818-4B70-87D6-6756E1A7FB82}.Release|Any CPU.Build.0 = Release|Any CPU
		{62E54EDC-5EBC-4380-A13B-193E016F9212}.Debug|Any CPU.ActiveCfg = Debug|Any CPU
		{62E54EDC-5EBC-4380-A13B-193E016F9212}.Debug|Any CPU.Build.0 = Debug|Any CPU
		{62E54EDC-5EBC-4380-A13B-193E016F9212}.Release|Any CPU.ActiveCfg = Release|Any CPU
		{62E54EDC-5EBC-4380-A13B-193E016F9212}.Release|Any CPU.Build.0 = Release|Any CPU
	EndGlobalSection
	GlobalSection(NestedProjects) = preSolution
		{3AEC9D8E-3D59-4F9B-935C-0A17D98834CA} = {0F7D0750-1A63-11ED-97BF-BBD44EE559C1}
		{83C8A2BF-142B-4D48-AAFD-581473861EB0} = {2FB8A7D0-1F32-11ED-AE32-25693050F9A6}
		{E135156C-4ED1-48BC-A660-5BCE7C297150} = {2FB8A7D0-1F32-11ED-AE32-25693050F9A6}
		{F43F9877-E9AA-463C-87D6-D607890D9BDF} = {2FB8A7D0-1F32-11ED-AE32-25693050F9A6}
		{52C03FD5-0680-450A-85CB-48B750EF947D} = {2FB8A7D0-1F32-11ED-AE32-25693050F9A6}
		{46168751-55F3-4185-AA9C-28118B9A7F71} = {2FB8A7D0-1F32-11ED-AE32-25693050F9A6}
		{EF99E881-3D99-400A-B475-E5A62A61CBEF} = {2FB8A7D0-1F32-11ED-AE32-25693050F9A6}
		{CB495C0A-DD0A-412B-99F3-F19A26EBE4D5} = {2FB8A7D0-1F32-11ED-AE32-25693050F9A6}
		{661EBA6C-B9FD-4A3E-8E74-A3C1FB067186} = {CEA1C1E0-23DF-11ED-8ACE-9DE6B97B5DBB}
		{BA02E909-384B-46B5-B241-50A7163BF267} = {CEA1C1E0-23DF-11ED-8ACE-9DE6B97B5DBB}
		{2400CC65-E6E6-47DE-BE42-BDB7699805F1} = {CEA1C1E0-23DF-11ED-8ACE-9DE6B97B5DBB}
		{B6362F02-2EA1-421E-941B-5A56FCC6A507} = {CEA1C1E0-23DF-11ED-8ACE-9DE6B97B5DBB}
		{98497095-F973-4D80-8FC0-30A92E338766} = {7D662388-C065-4C10-AFEC-51406A692A36}
		{A67C1111-E31C-46BC-BCB4-11168CDC793D} = {7D662388-C065-4C10-AFEC-51406A692A36}
		{FC3E43B4-DD3C-4CE3-8201-1FF66B10D7E8} = {7D662388-C065-4C10-AFEC-51406A692A36}
		{1E5C89C7-3C93-4229-9022-A6F63369A0C3} = {7D662388-C065-4C10-AFEC-51406A692A36}
		{9478DC77-ED2F-4B71-8B25-F8BA0DE9F2F8} = {27AAE918-9D66-4051-866D-29A6B9E4DF37}
		{C93F72F4-E818-4B70-87D6-6756E1A7FB82} = {CEA1C1E0-23DF-11ED-8ACE-9DE6B97B5DBB}
		{62E54EDC-5EBC-4380-A13B-193E016F9212} = {2FB8A7D0-1F32-11ED-AE32-25693050F9A6}
	EndGlobalSection
EndGlobal
