
Microsoft Visual Studio Solution File, Format Version 12.00
# Visual Studio Version 16
VisualStudioVersion = 16.0.30114.105
MinimumVisualStudioVersion = 10.0.40219.1
Project("{FAE04EC0-301F-11D3-BF4B-00C04F79EFBC}") = "Api", "src\Api\Api.csproj", "{3AEC9D8E-3D59-4F9B-935C-0A17D98834CA}"
EndProject
Project("{2150E333-8FDC-42A3-9474-1A3956D46DE8}") = "Application", "Application", "{0F7D0750-1A63-11ED-97BF-BBD44EE559C1}"
EndProject
Global
	GlobalSection(SolutionConfigurationPlatforms) = preSolution
		Debug|Any CPU = Debug|Any CPU
		Release|Any CPU = Release|Any CPU
	EndGlobalSection
	GlobalSection(SolutionProperties) = preSolution
		HideSolutionNode = FALSE
	EndGlobalSection
	GlobalSection(ProjectConfigurationPlatforms) = postSolution
		{3AEC9D8E-3D59-4F9B-935C-0A17D98834CA}.Debug|Any CPU.ActiveCfg = Debug|Any CPU
		{3AEC9D8E-3D59-4F9B-935C-0A17D98834CA}.Debug|Any CPU.Build.0 = Debug|Any CPU
		{3AEC9D8E-3D59-4F9B-935C-0A17D98834CA}.Release|Any CPU.ActiveCfg = Release|Any CPU
		{3AEC9D8E-3D59-4F9B-935C-0A17D98834CA}.Release|Any CPU.Build.0 = Release|Any CPU
	EndGlobalSection
	GlobalSection(NestedProjects) = preSolution
		{3AEC9D8E-3D59-4F9B-935C-0A17D98834CA} = {0F7D0750-1A63-11ED-97BF-BBD44EE559C1}
	EndGlobalSection
EndGlobal
